// !$*UTF8*$!
{
	archiveVersion = 1;
	classes = {
	};
	objectVersion = 51;
	objects = {

/* Begin PBXBuildFile section */
		095088AE233D0B2E00F904B6 /* AppDelegate.swift in Sources */ = {isa = PBXBuildFile; fileRef = 095088AD233D0B2E00F904B6 /* AppDelegate.swift */; };
		095088B0233D0B2E00F904B6 /* ViewController.swift in Sources */ = {isa = PBXBuildFile; fileRef = 095088AF233D0B2E00F904B6 /* ViewController.swift */; };
		095088B3233D0B2E00F904B6 /* Main.storyboard in Resources */ = {isa = PBXBuildFile; fileRef = 095088B1233D0B2E00F904B6 /* Main.storyboard */; };
		095088B5233D0B2E00F904B6 /* Assets.xcassets in Resources */ = {isa = PBXBuildFile; fileRef = 095088B4233D0B2E00F904B6 /* Assets.xcassets */; };
		095088B8233D0B2E00F904B6 /* LaunchScreen.storyboard in Resources */ = {isa = PBXBuildFile; fileRef = 095088B6233D0B2E00F904B6 /* LaunchScreen.storyboard */; };
		095088C3233D0B2F00F904B6 /* OnlineGalleryTests.swift in Sources */ = {isa = PBXBuildFile; fileRef = 095088C2233D0B2F00F904B6 /* OnlineGalleryTests.swift */; };
		095088CE233D0B2F00F904B6 /* OnlineGalleryUITests.swift in Sources */ = {isa = PBXBuildFile; fileRef = 095088CD233D0B2F00F904B6 /* OnlineGalleryUITests.swift */; };
		096D80652342474D00A86944 /* Podfile in Resources */ = {isa = PBXBuildFile; fileRef = 096D80642342474D00A86944 /* Podfile */; };
		0977F2442359FC29000E29CE /* GalleryTabBar.swift in Sources */ = {isa = PBXBuildFile; fileRef = 0977F2432359FC29000E29CE /* GalleryTabBar.swift */; };
		09815DD1233E2ACE008198AF /* Images.swift in Sources */ = {isa = PBXBuildFile; fileRef = 09815DD0233E2ACE008198AF /* Images.swift */; };
		09815DD3233E452C008198AF /* ItemCollectionViewCell.swift in Sources */ = {isa = PBXBuildFile; fileRef = 09815DD2233E452C008198AF /* ItemCollectionViewCell.swift */; };
		0988730F236B354A0083A645 /* LoadingView.swift in Sources */ = {isa = PBXBuildFile; fileRef = 0988730E236B354A0083A645 /* LoadingView.swift */; };
		09F39187235788D50045D194 /* DetailViewController.swift in Sources */ = {isa = PBXBuildFile; fileRef = 09F39186235788D50045D194 /* DetailViewController.swift */; };
		41E5D5FC257DA20422AC6945 /* Pods_OnlineGallery.framework in Frameworks */ = {isa = PBXBuildFile; fileRef = 5C0858E4D2A199F2E9D9F806 /* Pods_OnlineGallery.framework */; };
/* End PBXBuildFile section */

/* Begin PBXContainerItemProxy section */
		095088BF233D0B2F00F904B6 /* PBXContainerItemProxy */ = {
			isa = PBXContainerItemProxy;
			containerPortal = 095088A2233D0B2E00F904B6 /* Project object */;
			proxyType = 1;
			remoteGlobalIDString = 095088A9233D0B2E00F904B6;
			remoteInfo = OnlineGallery;
		};
		095088CA233D0B2F00F904B6 /* PBXContainerItemProxy */ = {
			isa = PBXContainerItemProxy;
			containerPortal = 095088A2233D0B2E00F904B6 /* Project object */;
			proxyType = 1;
			remoteGlobalIDString = 095088A9233D0B2E00F904B6;
			remoteInfo = OnlineGallery;
		};
/* End PBXContainerItemProxy section */

/* Begin PBXFileReference section */
		095088AA233D0B2E00F904B6 /* OnlineGallery.app */ = {isa = PBXFileReference; explicitFileType = wrapper.application; includeInIndex = 0; path = OnlineGallery.app; sourceTree = BUILT_PRODUCTS_DIR; };
		095088AD233D0B2E00F904B6 /* AppDelegate.swift */ = {isa = PBXFileReference; lastKnownFileType = sourcecode.swift; path = AppDelegate.swift; sourceTree = "<group>"; };
		095088AF233D0B2E00F904B6 /* ViewController.swift */ = {isa = PBXFileReference; lastKnownFileType = sourcecode.swift; path = ViewController.swift; sourceTree = "<group>"; };
		095088B2233D0B2E00F904B6 /* Base */ = {isa = PBXFileReference; lastKnownFileType = file.storyboard; name = Base; path = Base.lproj/Main.storyboard; sourceTree = "<group>"; };
		095088B4233D0B2E00F904B6 /* Assets.xcassets */ = {isa = PBXFileReference; lastKnownFileType = folder.assetcatalog; path = Assets.xcassets; sourceTree = "<group>"; };
		095088B7233D0B2E00F904B6 /* Base */ = {isa = PBXFileReference; lastKnownFileType = file.storyboard; name = Base; path = Base.lproj/LaunchScreen.storyboard; sourceTree = "<group>"; };
		095088B9233D0B2E00F904B6 /* Info.plist */ = {isa = PBXFileReference; lastKnownFileType = text.plist.xml; path = Info.plist; sourceTree = "<group>"; };
		095088BE233D0B2F00F904B6 /* OnlineGalleryTests.xctest */ = {isa = PBXFileReference; explicitFileType = wrapper.cfbundle; includeInIndex = 0; path = OnlineGalleryTests.xctest; sourceTree = BUILT_PRODUCTS_DIR; };
		095088C2233D0B2F00F904B6 /* OnlineGalleryTests.swift */ = {isa = PBXFileReference; lastKnownFileType = sourcecode.swift; path = OnlineGalleryTests.swift; sourceTree = "<group>"; };
		095088C4233D0B2F00F904B6 /* Info.plist */ = {isa = PBXFileReference; lastKnownFileType = text.plist.xml; path = Info.plist; sourceTree = "<group>"; };
		095088C9233D0B2F00F904B6 /* OnlineGalleryUITests.xctest */ = {isa = PBXFileReference; explicitFileType = wrapper.cfbundle; includeInIndex = 0; path = OnlineGalleryUITests.xctest; sourceTree = BUILT_PRODUCTS_DIR; };
		095088CD233D0B2F00F904B6 /* OnlineGalleryUITests.swift */ = {isa = PBXFileReference; lastKnownFileType = sourcecode.swift; path = OnlineGalleryUITests.swift; sourceTree = "<group>"; };
		095088CF233D0B2F00F904B6 /* Info.plist */ = {isa = PBXFileReference; lastKnownFileType = text.plist.xml; path = Info.plist; sourceTree = "<group>"; };
		096D80642342474D00A86944 /* Podfile */ = {isa = PBXFileReference; fileEncoding = 4; lastKnownFileType = text; path = Podfile; sourceTree = "<group>"; xcLanguageSpecificationIdentifier = xcode.lang.ruby; };
		0977F2432359FC29000E29CE /* GalleryTabBar.swift */ = {isa = PBXFileReference; lastKnownFileType = sourcecode.swift; path = GalleryTabBar.swift; sourceTree = "<group>"; };
		09815DD0233E2ACE008198AF /* Images.swift */ = {isa = PBXFileReference; lastKnownFileType = sourcecode.swift; path = Images.swift; sourceTree = "<group>"; };
		09815DD2233E452C008198AF /* ItemCollectionViewCell.swift */ = {isa = PBXFileReference; lastKnownFileType = sourcecode.swift; path = ItemCollectionViewCell.swift; sourceTree = "<group>"; };
		0988730E236B354A0083A645 /* LoadingView.swift */ = {isa = PBXFileReference; lastKnownFileType = sourcecode.swift; path = LoadingView.swift; sourceTree = "<group>"; };
		09F39186235788D50045D194 /* DetailViewController.swift */ = {isa = PBXFileReference; lastKnownFileType = sourcecode.swift; path = DetailViewController.swift; sourceTree = "<group>"; };
		40DBC8F2410AE3FC7F549AD7 /* Pods-OnlineGallery.debug.xcconfig */ = {isa = PBXFileReference; includeInIndex = 1; lastKnownFileType = text.xcconfig; name = "Pods-OnlineGallery.debug.xcconfig"; path = "Target Support Files/Pods-OnlineGallery/Pods-OnlineGallery.debug.xcconfig"; sourceTree = "<group>"; };
		5C0858E4D2A199F2E9D9F806 /* Pods_OnlineGallery.framework */ = {isa = PBXFileReference; explicitFileType = wrapper.framework; includeInIndex = 0; path = Pods_OnlineGallery.framework; sourceTree = BUILT_PRODUCTS_DIR; };
		E4061F100BF8CB861EC6A2A2 /* Pods-OnlineGallery.release.xcconfig */ = {isa = PBXFileReference; includeInIndex = 1; lastKnownFileType = text.xcconfig; name = "Pods-OnlineGallery.release.xcconfig"; path = "Target Support Files/Pods-OnlineGallery/Pods-OnlineGallery.release.xcconfig"; sourceTree = "<group>"; };
/* End PBXFileReference section */

/* Begin PBXFrameworksBuildPhase section */
		095088A7233D0B2E00F904B6 /* Frameworks */ = {
			isa = PBXFrameworksBuildPhase;
			buildActionMask = 2147483647;
			files = (
				41E5D5FC257DA20422AC6945 /* Pods_OnlineGallery.framework in Frameworks */,
			);
			runOnlyForDeploymentPostprocessing = 0;
		};
		095088BB233D0B2F00F904B6 /* Frameworks */ = {
			isa = PBXFrameworksBuildPhase;
			buildActionMask = 2147483647;
			files = (
			);
			runOnlyForDeploymentPostprocessing = 0;
		};
		095088C6233D0B2F00F904B6 /* Frameworks */ = {
			isa = PBXFrameworksBuildPhase;
			buildActionMask = 2147483647;
			files = (
			);
			runOnlyForDeploymentPostprocessing = 0;
		};
/* End PBXFrameworksBuildPhase section */

/* Begin PBXGroup section */
		095088A1233D0B2E00F904B6 = {
			isa = PBXGroup;
			children = (
				096D80642342474D00A86944 /* Podfile */,
				095088AC233D0B2E00F904B6 /* OnlineGallery */,
				095088C1233D0B2F00F904B6 /* OnlineGalleryTests */,
				095088CC233D0B2F00F904B6 /* OnlineGalleryUITests */,
				095088AB233D0B2E00F904B6 /* Products */,
				9617715E139F7763560D3A83 /* Pods */,
				AD1670E6250D3941D913E261 /* Frameworks */,
			);
			sourceTree = "<group>";
		};
		095088AB233D0B2E00F904B6 /* Products */ = {
			isa = PBXGroup;
			children = (
				095088AA233D0B2E00F904B6 /* OnlineGallery.app */,
				095088BE233D0B2F00F904B6 /* OnlineGalleryTests.xctest */,
				095088C9233D0B2F00F904B6 /* OnlineGalleryUITests.xctest */,
			);
			name = Products;
			sourceTree = "<group>";
		};
		095088AC233D0B2E00F904B6 /* OnlineGallery */ = {
			isa = PBXGroup;
			children = (
				095088AD233D0B2E00F904B6 /* AppDelegate.swift */,
				095088AF233D0B2E00F904B6 /* ViewController.swift */,
				0988730E236B354A0083A645 /* LoadingView.swift */,
				09F39186235788D50045D194 /* DetailViewController.swift */,
				0977F2432359FC29000E29CE /* GalleryTabBar.swift */,
				095088B1233D0B2E00F904B6 /* Main.storyboard */,
				09815DD2233E452C008198AF /* ItemCollectionViewCell.swift */,
				09815DD0233E2ACE008198AF /* Images.swift */,
				095088B4233D0B2E00F904B6 /* Assets.xcassets */,
				095088B6233D0B2E00F904B6 /* LaunchScreen.storyboard */,
				095088B9233D0B2E00F904B6 /* Info.plist */,
			);
			path = OnlineGallery;
			sourceTree = "<group>";
		};
		095088C1233D0B2F00F904B6 /* OnlineGalleryTests */ = {
			isa = PBXGroup;
			children = (
				095088C2233D0B2F00F904B6 /* OnlineGalleryTests.swift */,
				095088C4233D0B2F00F904B6 /* Info.plist */,
			);
			path = OnlineGalleryTests;
			sourceTree = "<group>";
		};
		095088CC233D0B2F00F904B6 /* OnlineGalleryUITests */ = {
			isa = PBXGroup;
			children = (
				095088CD233D0B2F00F904B6 /* OnlineGalleryUITests.swift */,
				095088CF233D0B2F00F904B6 /* Info.plist */,
			);
			path = OnlineGalleryUITests;
			sourceTree = "<group>";
		};
		9617715E139F7763560D3A83 /* Pods */ = {
			isa = PBXGroup;
			children = (
				40DBC8F2410AE3FC7F549AD7 /* Pods-OnlineGallery.debug.xcconfig */,
				E4061F100BF8CB861EC6A2A2 /* Pods-OnlineGallery.release.xcconfig */,
			);
			path = Pods;
			sourceTree = "<group>";
		};
		AD1670E6250D3941D913E261 /* Frameworks */ = {
			isa = PBXGroup;
			children = (
				5C0858E4D2A199F2E9D9F806 /* Pods_OnlineGallery.framework */,
			);
			name = Frameworks;
			sourceTree = "<group>";
		};
/* End PBXGroup section */

/* Begin PBXNativeTarget section */
		095088A9233D0B2E00F904B6 /* OnlineGallery */ = {
			isa = PBXNativeTarget;
			buildConfigurationList = 095088D2233D0B2F00F904B6 /* Build configuration list for PBXNativeTarget "OnlineGallery" */;
			buildPhases = (
				FCB0ECD3EFAD9B7C5256FC8A /* [CP] Check Pods Manifest.lock */,
				095088A6233D0B2E00F904B6 /* Sources */,
				095088A7233D0B2E00F904B6 /* Frameworks */,
				095088A8233D0B2E00F904B6 /* Resources */,
				1EEBF0E4285384AA263166FE /* [CP] Embed Pods Frameworks */,
			);
			buildRules = (
			);
			dependencies = (
			);
			name = OnlineGallery;
			productName = OnlineGallery;
			productReference = 095088AA233D0B2E00F904B6 /* OnlineGallery.app */;
			productType = "com.apple.product-type.application";
		};
		095088BD233D0B2F00F904B6 /* OnlineGalleryTests */ = {
			isa = PBXNativeTarget;
			buildConfigurationList = 095088D5233D0B2F00F904B6 /* Build configuration list for PBXNativeTarget "OnlineGalleryTests" */;
			buildPhases = (
				095088BA233D0B2F00F904B6 /* Sources */,
				095088BB233D0B2F00F904B6 /* Frameworks */,
				095088BC233D0B2F00F904B6 /* Resources */,
			);
			buildRules = (
			);
			dependencies = (
				095088C0233D0B2F00F904B6 /* PBXTargetDependency */,
			);
			name = OnlineGalleryTests;
			productName = OnlineGalleryTests;
			productReference = 095088BE233D0B2F00F904B6 /* OnlineGalleryTests.xctest */;
			productType = "com.apple.product-type.bundle.unit-test";
		};
		095088C8233D0B2F00F904B6 /* OnlineGalleryUITests */ = {
			isa = PBXNativeTarget;
			buildConfigurationList = 095088D8233D0B2F00F904B6 /* Build configuration list for PBXNativeTarget "OnlineGalleryUITests" */;
			buildPhases = (
				095088C5233D0B2F00F904B6 /* Sources */,
				095088C6233D0B2F00F904B6 /* Frameworks */,
				095088C7233D0B2F00F904B6 /* Resources */,
			);
			buildRules = (
			);
			dependencies = (
				095088CB233D0B2F00F904B6 /* PBXTargetDependency */,
			);
			name = OnlineGalleryUITests;
			productName = OnlineGalleryUITests;
			productReference = 095088C9233D0B2F00F904B6 /* OnlineGalleryUITests.xctest */;
			productType = "com.apple.product-type.bundle.ui-testing";
		};
/* End PBXNativeTarget section */

/* Begin PBXProject section */
		095088A2233D0B2E00F904B6 /* Project object */ = {
			isa = PBXProject;
			attributes = {
				LastSwiftUpdateCheck = 1010;
				LastUpgradeCheck = 1010;
				ORGANIZATIONNAME = cheeezcake;
				TargetAttributes = {
					095088A9233D0B2E00F904B6 = {
						CreatedOnToolsVersion = 10.1;
					};
					095088BD233D0B2F00F904B6 = {
						CreatedOnToolsVersion = 10.1;
						TestTargetID = 095088A9233D0B2E00F904B6;
					};
					095088C8233D0B2F00F904B6 = {
						CreatedOnToolsVersion = 10.1;
						TestTargetID = 095088A9233D0B2E00F904B6;
					};
				};
			};
			buildConfigurationList = 095088A5233D0B2E00F904B6 /* Build configuration list for PBXProject "OnlineGallery" */;
			compatibilityVersion = "Xcode 9.3";
			developmentRegion = en;
			hasScannedForEncodings = 0;
			knownRegions = (
				en,
				Base,
			);
			mainGroup = 095088A1233D0B2E00F904B6;
			productRefGroup = 095088AB233D0B2E00F904B6 /* Products */;
			projectDirPath = "";
			projectRoot = "";
			targets = (
				095088A9233D0B2E00F904B6 /* OnlineGallery */,
				095088BD233D0B2F00F904B6 /* OnlineGalleryTests */,
				095088C8233D0B2F00F904B6 /* OnlineGalleryUITests */,
			);
		};
/* End PBXProject section */

/* Begin PBXResourcesBuildPhase section */
		095088A8233D0B2E00F904B6 /* Resources */ = {
			isa = PBXResourcesBuildPhase;
			buildActionMask = 2147483647;
			files = (
				095088B8233D0B2E00F904B6 /* LaunchScreen.storyboard in Resources */,
				095088B5233D0B2E00F904B6 /* Assets.xcassets in Resources */,
				096D80652342474D00A86944 /* Podfile in Resources */,
				095088B3233D0B2E00F904B6 /* Main.storyboard in Resources */,
			);
			runOnlyForDeploymentPostprocessing = 0;
		};
		095088BC233D0B2F00F904B6 /* Resources */ = {
			isa = PBXResourcesBuildPhase;
			buildActionMask = 2147483647;
			files = (
			);
			runOnlyForDeploymentPostprocessing = 0;
		};
		095088C7233D0B2F00F904B6 /* Resources */ = {
			isa = PBXResourcesBuildPhase;
			buildActionMask = 2147483647;
			files = (
			);
			runOnlyForDeploymentPostprocessing = 0;
		};
/* End PBXResourcesBuildPhase section */

/* Begin PBXShellScriptBuildPhase section */
		1EEBF0E4285384AA263166FE /* [CP] Embed Pods Frameworks */ = {
			isa = PBXShellScriptBuildPhase;
			buildActionMask = 2147483647;
			files = (
			);
			inputFileListPaths = (
				"${PODS_ROOT}/Target Support Files/Pods-OnlineGallery/Pods-OnlineGallery-frameworks-${CONFIGURATION}-input-files.xcfilelist",
			);
			name = "[CP] Embed Pods Frameworks";
			outputFileListPaths = (
				"${PODS_ROOT}/Target Support Files/Pods-OnlineGallery/Pods-OnlineGallery-frameworks-${CONFIGURATION}-output-files.xcfilelist",
			);
			runOnlyForDeploymentPostprocessing = 0;
			shellPath = /bin/sh;
			shellScript = "\"${PODS_ROOT}/Target Support Files/Pods-OnlineGallery/Pods-OnlineGallery-frameworks.sh\"\n";
			showEnvVarsInLog = 0;
		};
		FCB0ECD3EFAD9B7C5256FC8A /* [CP] Check Pods Manifest.lock */ = {
			isa = PBXShellScriptBuildPhase;
			buildActionMask = 2147483647;
			files = (
			);
			inputFileListPaths = (
			);
			inputPaths = (
				"${PODS_PODFILE_DIR_PATH}/Podfile.lock",
				"${PODS_ROOT}/Manifest.lock",
			);
			name = "[CP] Check Pods Manifest.lock";
			outputFileListPaths = (
			);
			outputPaths = (
				"$(DERIVED_FILE_DIR)/Pods-OnlineGallery-checkManifestLockResult.txt",
			);
			runOnlyForDeploymentPostprocessing = 0;
			shellPath = /bin/sh;
			shellScript = "diff \"${PODS_PODFILE_DIR_PATH}/Podfile.lock\" \"${PODS_ROOT}/Manifest.lock\" > /dev/null\nif [ $? != 0 ] ; then\n    # print error to STDERR\n    echo \"error: The sandbox is not in sync with the Podfile.lock. Run 'pod install' or update your CocoaPods installation.\" >&2\n    exit 1\nfi\n# This output is used by Xcode 'outputs' to avoid re-running this script phase.\necho \"SUCCESS\" > \"${SCRIPT_OUTPUT_FILE_0}\"\n";
			showEnvVarsInLog = 0;
		};
/* End PBXShellScriptBuildPhase section */

/* Begin PBXSourcesBuildPhase section */
		095088A6233D0B2E00F904B6 /* Sources */ = {
			isa = PBXSourcesBuildPhase;
			buildActionMask = 2147483647;
			files = (
				09F39187235788D50045D194 /* DetailViewController.swift in Sources */,
				095088B0233D0B2E00F904B6 /* ViewController.swift in Sources */,
				09815DD3233E452C008198AF /* ItemCollectionViewCell.swift in Sources */,
				09815DD1233E2ACE008198AF /* Images.swift in Sources */,
				0977F2442359FC29000E29CE /* GalleryTabBar.swift in Sources */,
				0988730F236B354A0083A645 /* LoadingView.swift in Sources */,
				095088AE233D0B2E00F904B6 /* AppDelegate.swift in Sources */,
			);
			runOnlyForDeploymentPostprocessing = 0;
		};
		095088BA233D0B2F00F904B6 /* Sources */ = {
			isa = PBXSourcesBuildPhase;
			buildActionMask = 2147483647;
			files = (
				095088C3233D0B2F00F904B6 /* OnlineGalleryTests.swift in Sources */,
			);
			runOnlyForDeploymentPostprocessing = 0;
		};
		095088C5233D0B2F00F904B6 /* Sources */ = {
			isa = PBXSourcesBuildPhase;
			buildActionMask = 2147483647;
			files = (
				095088CE233D0B2F00F904B6 /* OnlineGalleryUITests.swift in Sources */,
			);
			runOnlyForDeploymentPostprocessing = 0;
		};
/* End PBXSourcesBuildPhase section */

/* Begin PBXTargetDependency section */
		095088C0233D0B2F00F904B6 /* PBXTargetDependency */ = {
			isa = PBXTargetDependency;
			target = 095088A9233D0B2E00F904B6 /* OnlineGallery */;
			targetProxy = 095088BF233D0B2F00F904B6 /* PBXContainerItemProxy */;
		};
		095088CB233D0B2F00F904B6 /* PBXTargetDependency */ = {
			isa = PBXTargetDependency;
			target = 095088A9233D0B2E00F904B6 /* OnlineGallery */;
			targetProxy = 095088CA233D0B2F00F904B6 /* PBXContainerItemProxy */;
		};
/* End PBXTargetDependency section */

/* Begin PBXVariantGroup section */
		095088B1233D0B2E00F904B6 /* Main.storyboard */ = {
			isa = PBXVariantGroup;
			children = (
				095088B2233D0B2E00F904B6 /* Base */,
			);
			name = Main.storyboard;
			sourceTree = "<group>";
		};
		095088B6233D0B2E00F904B6 /* LaunchScreen.storyboard */ = {
			isa = PBXVariantGroup;
			children = (
				095088B7233D0B2E00F904B6 /* Base */,
			);
			name = LaunchScreen.storyboard;
			sourceTree = "<group>";
		};
/* End PBXVariantGroup section */

/* Begin XCBuildConfiguration section */
		095088D0233D0B2F00F904B6 /* Debug */ = {
			isa = XCBuildConfiguration;
			buildSettings = {
				ALWAYS_SEARCH_USER_PATHS = NO;
				CLANG_ANALYZER_NONNULL = YES;
				CLANG_ANALYZER_NUMBER_OBJECT_CONVERSION = YES_AGGRESSIVE;
				CLANG_CXX_LANGUAGE_STANDARD = "gnu++14";
				CLANG_CXX_LIBRARY = "libc++";
				CLANG_ENABLE_MODULES = YES;
				CLANG_ENABLE_OBJC_ARC = YES;
				CLANG_ENABLE_OBJC_WEAK = YES;
				CLANG_WARN_BLOCK_CAPTURE_AUTORELEASING = YES;
				CLANG_WARN_BOOL_CONVERSION = YES;
				CLANG_WARN_COMMA = YES;
				CLANG_WARN_CONSTANT_CONVERSION = YES;
				CLANG_WARN_DEPRECATED_OBJC_IMPLEMENTATIONS = YES;
				CLANG_WARN_DIRECT_OBJC_ISA_USAGE = YES_ERROR;
				CLANG_WARN_DOCUMENTATION_COMMENTS = YES;
				CLANG_WARN_EMPTY_BODY = YES;
				CLANG_WARN_ENUM_CONVERSION = YES;
				CLANG_WARN_INFINITE_RECURSION = YES;
				CLANG_WARN_INT_CONVERSION = YES;
				CLANG_WARN_NON_LITERAL_NULL_CONVERSION = YES;
				CLANG_WARN_OBJC_IMPLICIT_RETAIN_SELF = YES;
				CLANG_WARN_OBJC_LITERAL_CONVERSION = YES;
				CLANG_WARN_OBJC_ROOT_CLASS = YES_ERROR;
				CLANG_WARN_RANGE_LOOP_ANALYSIS = YES;
				CLANG_WARN_STRICT_PROTOTYPES = YES;
				CLANG_WARN_SUSPICIOUS_MOVE = YES;
				CLANG_WARN_UNGUARDED_AVAILABILITY = YES_AGGRESSIVE;
				CLANG_WARN_UNREACHABLE_CODE = YES;
				CLANG_WARN__DUPLICATE_METHOD_MATCH = YES;
				CODE_SIGN_IDENTITY = "iPhone Developer";
				COPY_PHASE_STRIP = NO;
				DEBUG_INFORMATION_FORMAT = dwarf;
				ENABLE_STRICT_OBJC_MSGSEND = YES;
				ENABLE_TESTABILITY = YES;
				GCC_C_LANGUAGE_STANDARD = gnu11;
				GCC_DYNAMIC_NO_PIC = NO;
				GCC_NO_COMMON_BLOCKS = YES;
				GCC_OPTIMIZATION_LEVEL = 0;
				GCC_PREPROCESSOR_DEFINITIONS = (
					"DEBUG=1",
					"$(inherited)",
				);
				GCC_WARN_64_TO_32_BIT_CONVERSION = YES;
				GCC_WARN_ABOUT_RETURN_TYPE = YES_ERROR;
				GCC_WARN_UNDECLARED_SELECTOR = YES;
				GCC_WARN_UNINITIALIZED_AUTOS = YES_AGGRESSIVE;
				GCC_WARN_UNUSED_FUNCTION = YES;
				GCC_WARN_UNUSED_VARIABLE = YES;
				IPHONEOS_DEPLOYMENT_TARGET = 12.1;
				MTL_ENABLE_DEBUG_INFO = INCLUDE_SOURCE;
				MTL_FAST_MATH = YES;
				ONLY_ACTIVE_ARCH = YES;
				SDKROOT = iphoneos;
				SWIFT_ACTIVE_COMPILATION_CONDITIONS = DEBUG;
				SWIFT_OPTIMIZATION_LEVEL = "-Onone";
			};
			name = Debug;
		};
		095088D1233D0B2F00F904B6 /* Release */ = {
			isa = XCBuildConfiguration;
			buildSettings = {
				ALWAYS_SEARCH_USER_PATHS = NO;
				CLANG_ANALYZER_NONNULL = YES;
				CLANG_ANALYZER_NUMBER_OBJECT_CONVERSION = YES_AGGRESSIVE;
				CLANG_CXX_LANGUAGE_STANDARD = "gnu++14";
				CLANG_CXX_LIBRARY = "libc++";
				CLANG_ENABLE_MODULES = YES;
				CLANG_ENABLE_OBJC_ARC = YES;
				CLANG_ENABLE_OBJC_WEAK = YES;
				CLANG_WARN_BLOCK_CAPTURE_AUTORELEASING = YES;
				CLANG_WARN_BOOL_CONVERSION = YES;
				CLANG_WARN_COMMA = YES;
				CLANG_WARN_CONSTANT_CONVERSION = YES;
				CLANG_WARN_DEPRECATED_OBJC_IMPLEMENTATIONS = YES;
				CLANG_WARN_DIRECT_OBJC_ISA_USAGE = YES_ERROR;
				CLANG_WARN_DOCUMENTATION_COMMENTS = YES;
				CLANG_WARN_EMPTY_BODY = YES;
				CLANG_WARN_ENUM_CONVERSION = YES;
				CLANG_WARN_INFINITE_RECURSION = YES;
				CLANG_WARN_INT_CONVERSION = YES;
				CLANG_WARN_NON_LITERAL_NULL_CONVERSION = YES;
				CLANG_WARN_OBJC_IMPLICIT_RETAIN_SELF = YES;
				CLANG_WARN_OBJC_LITERAL_CONVERSION = YES;
				CLANG_WARN_OBJC_ROOT_CLASS = YES_ERROR;
				CLANG_WARN_RANGE_LOOP_ANALYSIS = YES;
				CLANG_WARN_STRICT_PROTOTYPES = YES;
				CLANG_WARN_SUSPICIOUS_MOVE = YES;
				CLANG_WARN_UNGUARDED_AVAILABILITY = YES_AGGRESSIVE;
				CLANG_WARN_UNREACHABLE_CODE = YES;
				CLANG_WARN__DUPLICATE_METHOD_MATCH = YES;
				CODE_SIGN_IDENTITY = "iPhone Developer";
				COPY_PHASE_STRIP = NO;
				DEBUG_INFORMATION_FORMAT = "dwarf-with-dsym";
				ENABLE_NS_ASSERTIONS = NO;
				ENABLE_STRICT_OBJC_MSGSEND = YES;
				GCC_C_LANGUAGE_STANDARD = gnu11;
				GCC_NO_COMMON_BLOCKS = YES;
				GCC_WARN_64_TO_32_BIT_CONVERSION = YES;
				GCC_WARN_ABOUT_RETURN_TYPE = YES_ERROR;
				GCC_WARN_UNDECLARED_SELECTOR = YES;
				GCC_WARN_UNINITIALIZED_AUTOS = YES_AGGRESSIVE;
				GCC_WARN_UNUSED_FUNCTION = YES;
				GCC_WARN_UNUSED_VARIABLE = YES;
				IPHONEOS_DEPLOYMENT_TARGET = 12.1;
				MTL_ENABLE_DEBUG_INFO = NO;
				MTL_FAST_MATH = YES;
				SDKROOT = iphoneos;
				SWIFT_COMPILATION_MODE = wholemodule;
				SWIFT_OPTIMIZATION_LEVEL = "-O";
				VALIDATE_PRODUCT = YES;
			};
			name = Release;
		};
		095088D3233D0B2F00F904B6 /* Debug */ = {
			isa = XCBuildConfiguration;
			baseConfigurationReference = 40DBC8F2410AE3FC7F549AD7 /* Pods-OnlineGallery.debug.xcconfig */;
			buildSettings = {
				ASSETCATALOG_COMPILER_APPICON_NAME = AppIcon;
				CODE_SIGN_STYLE = Automatic;
				DEVELOPMENT_TEAM = DGWZ73CUVM;
				INFOPLIST_FILE = OnlineGallery/Info.plist;
				LD_RUNPATH_SEARCH_PATHS = (
					"$(inherited)",
					"@executable_path/Frameworks",
				);
				PRODUCT_BUNDLE_IDENTIFIER = cheeezcake.OnlineGallery;
				PRODUCT_NAME = "$(TARGET_NAME)";
				SWIFT_VERSION = 5.0;
				TARGETED_DEVICE_FAMILY = "1,2";
			};
			name = Debug;
		};
		095088D4233D0B2F00F904B6 /* Release */ = {
			isa = XCBuildConfiguration;
			baseConfigurationReference = E4061F100BF8CB861EC6A2A2 /* Pods-OnlineGallery.release.xcconfig */;
			buildSettings = {
				ASSETCATALOG_COMPILER_APPICON_NAME = AppIcon;
				CODE_SIGN_STYLE = Automatic;
				DEVELOPMENT_TEAM = DGWZ73CUVM;
				INFOPLIST_FILE = OnlineGallery/Info.plist;
				LD_RUNPATH_SEARCH_PATHS = (
					"$(inherited)",
					"@executable_path/Frameworks",
				);
				PRODUCT_BUNDLE_IDENTIFIER = cheeezcake.OnlineGallery;
				PRODUCT_NAME = "$(TARGET_NAME)";
				SWIFT_VERSION = 5.0;
				TARGETED_DEVICE_FAMILY = "1,2";
			};
			name = Release;
		};
		095088D6233D0B2F00F904B6 /* Debug */ = {
			isa = XCBuildConfiguration;
			buildSettings = {
				ALWAYS_EMBED_SWIFT_STANDARD_LIBRARIES = YES;
				BUNDLE_LOADER = "$(TEST_HOST)";
				CODE_SIGN_STYLE = Automatic;
				DEVELOPMENT_TEAM = DGWZ73CUVM;
				INFOPLIST_FILE = OnlineGalleryTests/Info.plist;
				LD_RUNPATH_SEARCH_PATHS = (
					"$(inherited)",
					"@executable_path/Frameworks",
					"@loader_path/Frameworks",
				);
				PRODUCT_BUNDLE_IDENTIFIER = cheeezcake.OnlineGalleryTests;
				PRODUCT_NAME = "$(TARGET_NAME)";
				SWIFT_VERSION = 4.2;
				TARGETED_DEVICE_FAMILY = "1,2";
				TEST_HOST = "$(BUILT_PRODUCTS_DIR)/OnlineGallery.app/OnlineGallery";
			};
			name = Debug;
		};
		095088D7233D0B2F00F904B6 /* Release */ = {
			isa = XCBuildConfiguration;
			buildSettings = {
				ALWAYS_EMBED_SWIFT_STANDARD_LIBRARIES = YES;
				BUNDLE_LOADER = "$(TEST_HOST)";
				CODE_SIGN_STYLE = Automatic;
				DEVELOPMENT_TEAM = DGWZ73CUVM;
				INFOPLIST_FILE = OnlineGalleryTests/Info.plist;
				LD_RUNPATH_SEARCH_PATHS = (
					"$(inherited)",
					"@executable_path/Frameworks",
					"@loader_path/Frameworks",
				);
				PRODUCT_BUNDLE_IDENTIFIER = cheeezcake.OnlineGalleryTests;
				PRODUCT_NAME = "$(TARGET_NAME)";
				SWIFT_VERSION = 4.2;
				TARGETED_DEVICE_FAMILY = "1,2";
				TEST_HOST = "$(BUILT_PRODUCTS_DIR)/OnlineGallery.app/OnlineGallery";
			};
			name = Release;
		};
		095088D9233D0B2F00F904B6 /* Debug */ = {
			isa = XCBuildConfiguration;
			buildSettings = {
				ALWAYS_EMBED_SWIFT_STANDARD_LIBRARIES = YES;
				CODE_SIGN_STYLE = Automatic;
				DEVELOPMENT_TEAM = DGWZ73CUVM;
				INFOPLIST_FILE = OnlineGalleryUITests/Info.plist;
				LD_RUNPATH_SEARCH_PATHS = (
					"$(inherited)",
					"@executable_path/Frameworks",
					"@loader_path/Frameworks",
				);
				PRODUCT_BUNDLE_IDENTIFIER = cheeezcake.OnlineGalleryUITests;
				PRODUCT_NAME = "$(TARGET_NAME)";
				SWIFT_VERSION = 4.2;
				TARGETED_DEVICE_FAMILY = "1,2";
				TEST_TARGET_NAME = OnlineGallery;
			};
			name = Debug;
		};
		095088DA233D0B2F00F904B6 /* Release */ = {
			isa = XCBuildConfiguration;
			buildSettings = {
				ALWAYS_EMBED_SWIFT_STANDARD_LIBRARIES = YES;
				CODE_SIGN_STYLE = Automatic;
				DEVELOPMENT_TEAM = DGWZ73CUVM;
				INFOPLIST_FILE = OnlineGalleryUITests/Info.plist;
				LD_RUNPATH_SEARCH_PATHS = (
					"$(inherited)",
					"@executable_path/Frameworks",
					"@loader_path/Frameworks",
				);
				PRODUCT_BUNDLE_IDENTIFIER = cheeezcake.OnlineGalleryUITests;
				PRODUCT_NAME = "$(TARGET_NAME)";
				SWIFT_VERSION = 4.2;
				TARGETED_DEVICE_FAMILY = "1,2";
				TEST_TARGET_NAME = OnlineGallery;
			};
			name = Release;
		};
/* End XCBuildConfiguration section */

/* Begin XCConfigurationList section */
		095088A5233D0B2E00F904B6 /* Build configuration list for PBXProject "OnlineGallery" */ = {
			isa = XCConfigurationList;
			buildConfigurations = (
				095088D0233D0B2F00F904B6 /* Debug */,
				095088D1233D0B2F00F904B6 /* Release */,
			);
			defaultConfigurationIsVisible = 0;
			defaultConfigurationName = Release;
		};
		095088D2233D0B2F00F904B6 /* Build configuration list for PBXNativeTarget "OnlineGallery" */ = {
			isa = XCConfigurationList;
			buildConfigurations = (
				095088D3233D0B2F00F904B6 /* Debug */,
				095088D4233D0B2F00F904B6 /* Release */,
			);
			defaultConfigurationIsVisible = 0;
			defaultConfigurationName = Release;
		};
		095088D5233D0B2F00F904B6 /* Build configuration list for PBXNativeTarget "OnlineGalleryTests" */ = {
			isa = XCConfigurationList;
			buildConfigurations = (
				095088D6233D0B2F00F904B6 /* Debug */,
				095088D7233D0B2F00F904B6 /* Release */,
			);
			defaultConfigurationIsVisible = 0;
			defaultConfigurationName = Release;
		};
		095088D8233D0B2F00F904B6 /* Build configuration list for PBXNativeTarget "OnlineGalleryUITests" */ = {
			isa = XCConfigurationList;
			buildConfigurations = (
				095088D9233D0B2F00F904B6 /* Debug */,
				095088DA233D0B2F00F904B6 /* Release */,
			);
			defaultConfigurationIsVisible = 0;
			defaultConfigurationName = Release;
		};
/* End XCConfigurationList section */
	};
	rootObject = 095088A2233D0B2E00F904B6 /* Project object */;
}
